
Microsoft Visual Studio Solution File, Format Version 12.00
# Visual Studio Version 16
VisualStudioVersion = 16.0.35931.194
MinimumVisualStudioVersion = 10.0.40219.1
Project("{FAE04EC0-301F-11D3-BF4B-00C04F79EFBC}") = "DataContainers", "DataContainers.csproj", "{972AD0B1-CDDE-4119-8685-DA6DD40A04A3}"
EndProject
Project("{FAE04EC0-301F-11D3-BF4B-00C04F79EFBC}") = "ForwardList", "ForwardList\ForwardList.csproj", "{681F6615-4571-4A0C-8B0A-B91770338F92}"
EndProject
Project("{FAE04EC0-301F-11D3-BF4B-00C04F79EFBC}") = "Factorial", "Factorial\Factorial.csproj", "{C42D037E-86B6-473A-9A84-8C9296DF0F1A}"
EndProject
Project("{FAE04EC0-301F-11D3-BF4B-00C04F79EFBC}") = "DoubleLinkedList", "DoubleLinkedList\DoubleLinkedList.csproj", "{7D3F1504-2AFD-4E13-B170-636786DE8078}"
EndProject
Project("{FAE04EC0-301F-11D3-BF4B-00C04F79EFBC}") = "BinaryTree", "BinaryTree\BinaryTree.csproj", "{4F515D68-0B04-42C7-8ECE-8A020C12AD15}"
EndProject
Global
	GlobalSection(SolutionConfigurationPlatforms) = preSolution
		Debug|Any CPU = Debug|Any CPU
		Release|Any CPU = Release|Any CPU
	EndGlobalSection
	GlobalSection(ProjectConfigurationPlatforms) = postSolution
		{972AD0B1-CDDE-4119-8685-DA6DD40A04A3}.Debug|Any CPU.ActiveCfg = Debug|Any CPU
		{972AD0B1-CDDE-4119-8685-DA6DD40A04A3}.Debug|Any CPU.Build.0 = Debug|Any CPU
		{972AD0B1-CDDE-4119-8685-DA6DD40A04A3}.Release|Any CPU.ActiveCfg = Release|Any CPU
		{972AD0B1-CDDE-4119-8685-DA6DD40A04A3}.Release|Any CPU.Build.0 = Release|Any CPU
		{681F6615-4571-4A0C-8B0A-B91770338F92}.Debug|Any CPU.ActiveCfg = Debug|Any CPU
		{681F6615-4571-4A0C-8B0A-B91770338F92}.Debug|Any CPU.Build.0 = Debug|Any CPU
		{681F6615-4571-4A0C-8B0A-B91770338F92}.Release|Any CPU.ActiveCfg = Release|Any CPU
		{681F6615-4571-4A0C-8B0A-B91770338F92}.Release|Any CPU.Build.0 = Release|Any CPU
		{C42D037E-86B6-473A-9A84-8C9296DF0F1A}.Debug|Any CPU.ActiveCfg = Debug|Any CPU
		{C42D037E-86B6-473A-9A84-8C9296DF0F1A}.Debug|Any CPU.Build.0 = Debug|Any CPU
		{C42D037E-86B6-473A-9A84-8C9296DF0F1A}.Release|Any CPU.ActiveCfg = Release|Any CPU
		{C42D037E-86B6-473A-9A84-8C9296DF0F1A}.Release|Any CPU.Build.0 = Release|Any CPU
		{7D3F1504-2AFD-4E13-B170-636786DE8078}.Debug|Any CPU.ActiveCfg = Debug|Any CPU
		{7D3F1504-2AFD-4E13-B170-636786DE8078}.Debug|Any CPU.Build.0 = Debug|Any CPU
		{7D3F1504-2AFD-4E13-B170-636786DE8078}.Release|Any CPU.ActiveCfg = Release|Any CPU
		{7D3F1504-2AFD-4E13-B170-636786DE8078}.Release|Any CPU.Build.0 = Release|Any CPU
		{4F515D68-0B04-42C7-8ECE-8A020C12AD15}.Debug|Any CPU.ActiveCfg = Debug|Any CPU
		{4F515D68-0B04-42C7-8ECE-8A020C12AD15}.Debug|Any CPU.Build.0 = Debug|Any CPU
		{4F515D68-0B04-42C7-8ECE-8A020C12AD15}.Release|Any CPU.ActiveCfg = Release|Any CPU
		{4F515D68-0B04-42C7-8ECE-8A020C12AD15}.Release|Any CPU.Build.0 = Release|Any CPU
	EndGlobalSection
	GlobalSection(SolutionProperties) = preSolution
		HideSolutionNode = FALSE
	EndGlobalSection
	GlobalSection(ExtensibilityGlobals) = postSolution
		SolutionGuid = {37DCB42F-F75D-424C-BB71-4F316834D5DA}
	EndGlobalSection
EndGlobal
